
Microsoft Visual Studio Solution File, Format Version 12.00
# Visual Studio 15
VisualStudioVersion = 15.0.27130.2024
MinimumVisualStudioVersion = 10.0.40219.1
Project("{FAE04EC0-301F-11D3-BF4B-00C04F79EFBC}") = "csharp-deep-learning-audio", "csharp-deep-learning-audio\csharp-deep-learning-audio.csproj", "{463D7468-8B0D-49B7-9581-8A3E994066EA}"
EndProject
Project("{FAE04EC0-301F-11D3-BF4B-00C04F79EFBC}") = "csharp-deep-learning-audio-samples", "csharp-deep-learning-audio-samples\csharp-deep-learning-audio-samples.csproj", "{A2299410-3211-4FFE-9894-DDA2426E1653}"
EndProject
Project("{FAE04EC0-301F-11D3-BF4B-00C04F79EFBC}") = "csharp-melgram-generator", "csharp-melgram-generator\csharp-melgram-generator.csproj", "{8C80C4D8-A092-43F0-B8B2-3036B015A598}"
EndProject
Project("{FAE04EC0-301F-11D3-BF4B-00C04F79EFBC}") = "csharp-au-to-mp3-converter", "csharp-au-to-mp3-converter\csharp-au-to-mp3-converter.csproj", "{59A34D95-FAE3-4E01-9716-3ADCF0221CCB}"
EndProject
Global
	GlobalSection(SolutionConfigurationPlatforms) = preSolution
		Debug|Any CPU = Debug|Any CPU
		Release|Any CPU = Release|Any CPU
	EndGlobalSection
	GlobalSection(ProjectConfigurationPlatforms) = postSolution
		{463D7468-8B0D-49B7-9581-8A3E994066EA}.Debug|Any CPU.ActiveCfg = Debug|Any CPU
		{463D7468-8B0D-49B7-9581-8A3E994066EA}.Debug|Any CPU.Build.0 = Debug|Any CPU
		{463D7468-8B0D-49B7-9581-8A3E994066EA}.Release|Any CPU.ActiveCfg = Release|Any CPU
		{463D7468-8B0D-49B7-9581-8A3E994066EA}.Release|Any CPU.Build.0 = Release|Any CPU
		{A2299410-3211-4FFE-9894-DDA2426E1653}.Debug|Any CPU.ActiveCfg = Debug|Any CPU
		{A2299410-3211-4FFE-9894-DDA2426E1653}.Debug|Any CPU.Build.0 = Debug|Any CPU
		{A2299410-3211-4FFE-9894-DDA2426E1653}.Release|Any CPU.ActiveCfg = Release|Any CPU
		{A2299410-3211-4FFE-9894-DDA2426E1653}.Release|Any CPU.Build.0 = Release|Any CPU
		{8C80C4D8-A092-43F0-B8B2-3036B015A598}.Debug|Any CPU.ActiveCfg = Debug|Any CPU
		{8C80C4D8-A092-43F0-B8B2-3036B015A598}.Debug|Any CPU.Build.0 = Debug|Any CPU
		{8C80C4D8-A092-43F0-B8B2-3036B015A598}.Release|Any CPU.ActiveCfg = Release|Any CPU
		{8C80C4D8-A092-43F0-B8B2-3036B015A598}.Release|Any CPU.Build.0 = Release|Any CPU
		{59A34D95-FAE3-4E01-9716-3ADCF0221CCB}.Debug|Any CPU.ActiveCfg = Debug|Any CPU
		{59A34D95-FAE3-4E01-9716-3ADCF0221CCB}.Debug|Any CPU.Build.0 = Debug|Any CPU
		{59A34D95-FAE3-4E01-9716-3ADCF0221CCB}.Release|Any CPU.ActiveCfg = Release|Any CPU
		{59A34D95-FAE3-4E01-9716-3ADCF0221CCB}.Release|Any CPU.Build.0 = Release|Any CPU
	EndGlobalSection
	GlobalSection(SolutionProperties) = preSolution
		HideSolutionNode = FALSE
	EndGlobalSection
	GlobalSection(ExtensibilityGlobals) = postSolution
		SolutionGuid = {17536521-D5BA-4C33-9A92-08720E858B03}
	EndGlobalSection
EndGlobal
